PODS:
  - AzureCommunicationCalling (2.0.0-beta.1):
    - AzureCommunicationCommon (~> 1.0)
  - AzureCommunicationCommon (1.0.0):
    - AzureCore (= 1.0.0-beta.12)
  - AzureCore (1.0.0-beta.12)
  - MSAL (1.1.13):
    - MSAL/app-lib (= 1.1.13)
  - MSAL/app-lib (1.1.13)
  - SwiftLint (0.42.0)

DEPENDENCIES:
  - AzureCommunicationCalling (= 2.0.0-beta.1)
  - AzureCommunicationCommon (= 1.0.0)
  - MSAL (= 1.1.13)
  - SwiftLint (= 0.42.0)

SPEC REPOS:
  trunk:
    - AzureCommunicationCalling
    - AzureCommunicationCommon
    - AzureCore
    - MSAL
    - SwiftLint

SPEC CHECKSUMS:
  AzureCommunicationCalling: 0ebcbd6d230214d5a9f3b6482f3fb42dadf214a7
  AzureCommunicationCommon: 37d81f556d367c8a8e20581da1d8ffea5401cb86
  AzureCore: 2e029168d18ade4f2e8cc59a96f6d8b26acad2b2
  MSAL: 291d1cfc8d095a6bfe669e4beda2c5be6774a4ff
  SwiftLint: 4fa9579c63416865179bc416f0a92d55f009600d

PODFILE CHECKSUM: 37964763da1580c1b14eef91ed5c2c8d89ba52c2

COCOAPODS: 1.10.1
