PODS:
  - AzureCommunicationCalling (2.2.0):
    - AzureCommunicationCommon (~> 1.0.2)
  - AzureCommunicationCommon (1.0.3)
  - AzureCore (1.0.0-beta.12)
  - MSAL (1.1.13):
    - MSAL/app-lib (= 1.1.13)
  - MSAL/app-lib (1.1.13)
  - SwiftLint (0.42.0)

DEPENDENCIES:
  - AzureCommunicationCalling (= 2.2.0)
  - AzureCore (= 1.0.0-beta.12)
  - MSAL (= 1.1.13)
  - SwiftLint (= 0.42.0)

SPEC REPOS:
  trunk:
    - AzureCommunicationCalling
    - AzureCommunicationCommon
    - AzureCore
    - MSAL
    - SwiftLint

SPEC CHECKSUMS:
  AzureCommunicationCalling: 38d174fc96f252aaaff5f758029623656b6c6349
  AzureCommunicationCommon: 85a3f0ab952db4f88e03bbdb03e79197f90f1d5d
  AzureCore: 2e029168d18ade4f2e8cc59a96f6d8b26acad2b2
  MSAL: 291d1cfc8d095a6bfe669e4beda2c5be6774a4ff
  SwiftLint: 4fa9579c63416865179bc416f0a92d55f009600d

PODFILE CHECKSUM: 982153a94491d74f23bf9a75c22d9f104a7cbd8c

COCOAPODS: 1.11.3
